
Microsoft Visual Studio Solution File, Format Version 12.00
# Visual Studio Version 16
VisualStudioVersion = 16.0.32929.386
MinimumVisualStudioVersion = 10.0.40219.1
Project("{FAE04EC0-301F-11D3-BF4B-00C04F79EFBC}") = "Suap2", "Suap2\Suap2.csproj", "{F73C2E84-32E6-404C-9A0C-41B03AC46146}"
EndProject
Global
	GlobalSection(SolutionConfigurationPlatforms) = preSolution
		Debug|Any CPU = Debug|Any CPU
		Release|Any CPU = Release|Any CPU
	EndGlobalSection
	GlobalSection(ProjectConfigurationPlatforms) = postSolution
		{F73C2E84-32E6-404C-9A0C-41B03AC46146}.Debug|Any CPU.ActiveCfg = Debug|Any CPU
		{F73C2E84-32E6-404C-9A0C-41B03AC46146}.Debug|Any CPU.Build.0 = Debug|Any CPU
		{F73C2E84-32E6-404C-9A0C-41B03AC46146}.Release|Any CPU.ActiveCfg = Release|Any CPU
		{F73C2E84-32E6-404C-9A0C-41B03AC46146}.Release|Any CPU.Build.0 = Release|Any CPU
	EndGlobalSection
	GlobalSection(SolutionProperties) = preSolution
		HideSolutionNode = FALSE
	EndGlobalSection
	GlobalSection(ExtensibilityGlobals) = postSolution
		SolutionGuid = {D51F351A-9EFC-4A94-BAD1-3DF3E6A356E0}
	EndGlobalSection
EndGlobal
